
Microsoft Visual Studio Solution File, Format Version 12.00
# Visual Studio Version 16
VisualStudioVersion = 16.0.29326.143
MinimumVisualStudioVersion = 10.0.40219.1
Project("{FAE04EC0-301F-11D3-BF4B-00C04F79EFBC}") = "DiscordScraperBot", "DiscordScraperBot\DiscordScraperBot.csproj", "{6921FE83-24AC-40C1-AD41-40F3B86FB3A7}"
EndProject
Global
	GlobalSection(SolutionConfigurationPlatforms) = preSolution
		Debug|Any CPU = Debug|Any CPU
		Release|Any CPU = Release|Any CPU
	EndGlobalSection
	GlobalSection(ProjectConfigurationPlatforms) = postSolution
		{6921FE83-24AC-40C1-AD41-40F3B86FB3A7}.Debug|Any CPU.ActiveCfg = Debug|Any CPU
		{6921FE83-24AC-40C1-AD41-40F3B86FB3A7}.Debug|Any CPU.Build.0 = Debug|Any CPU
		{6921FE83-24AC-40C1-AD41-40F3B86FB3A7}.Release|Any CPU.ActiveCfg = Release|Any CPU
		{6921FE83-24AC-40C1-AD41-40F3B86FB3A7}.Release|Any CPU.Build.0 = Release|Any CPU
	EndGlobalSection
	GlobalSection(SolutionProperties) = preSolution
		HideSolutionNode = FALSE
	EndGlobalSection
	GlobalSection(ExtensibilityGlobals) = postSolution
		SolutionGuid = {2446BD17-9EE0-4661-A4D1-E57E615DFC28}
	EndGlobalSection
EndGlobal
